// !$*UTF8*$!
{
	archiveVersion = 1;
	classes = {
	};
	objectVersion = 56;
	objects = {

/* Begin PBXBuildFile section */
		D0DB283B2C7243FA00F22920 /* xcodedemoApp.swift in Sources */ = {isa = PBXBuildFile; fileRef = D0DB283A2C7243FA00F22920 /* xcodedemoApp.swift */; };
		D0DB283D2C7243FA00F22920 /* ContentView.swift in Sources */ = {isa = PBXBuildFile; fileRef = D0DB283C2C7243FA00F22920 /* ContentView.swift */; };
		D0DB283F2C7243FB00F22920 /* Assets.xcassets in Resources */ = {isa = PBXBuildFile; fileRef = D0DB283E2C7243FB00F22920 /* Assets.xcassets */; };
		D0DB28422C7243FB00F22920 /* Preview Assets.xcassets in Resources */ = {isa = PBXBuildFile; fileRef = D0DB28412C7243FB00F22920 /* Preview Assets.xcassets */; };
		D0DB284D2C7243FB00F22920 /* xcodedemoTests.swift in Sources */ = {isa = PBXBuildFile; fileRef = D0DB284C2C7243FB00F22920 /* xcodedemoTests.swift */; };
		D0DB28572C7243FB00F22920 /* xcodedemoUITests.swift in Sources */ = {isa = PBXBuildFile; fileRef = D0DB28562C7243FB00F22920 /* xcodedemoUITests.swift */; };
		D0DB28592C7243FB00F22920 /* xcodedemoUITestsLaunchTests.swift in Sources */ = {isa = PBXBuildFile; fileRef = D0DB28582C7243FB00F22920 /* xcodedemoUITestsLaunchTests.swift */; };
/* End PBXBuildFile section */

/* Begin PBXContainerItemProxy section */
		D0DB28492C7243FB00F22920 /* PBXContainerItemProxy */ = {
			isa = PBXContainerItemProxy;
			containerPortal = D0DB282F2C7243FA00F22920 /* Project object */;
			proxyType = 1;
			remoteGlobalIDString = D0DB28362C7243FA00F22920;
			remoteInfo = xcodedemo;
		};
		D0DB28532C7243FB00F22920 /* PBXContainerItemProxy */ = {
			isa = PBXContainerItemProxy;
			containerPortal = D0DB282F2C7243FA00F22920 /* Project object */;
			proxyType = 1;
			remoteGlobalIDString = D0DB28362C7243FA00F22920;
			remoteInfo = xcodedemo;
		};
/* End PBXContainerItemProxy section */

/* Begin PBXFileReference section */
		D0DB28372C7243FA00F22920 /* xcodedemo.app */ = {isa = PBXFileReference; explicitFileType = wrapper.application; includeInIndex = 0; path = xcodedemo.app; sourceTree = BUILT_PRODUCTS_DIR; };
		D0DB283A2C7243FA00F22920 /* xcodedemoApp.swift */ = {isa = PBXFileReference; lastKnownFileType = sourcecode.swift; path = xcodedemoApp.swift; sourceTree = "<group>"; };
		D0DB283C2C7243FA00F22920 /* ContentView.swift */ = {isa = PBXFileReference; lastKnownFileType = sourcecode.swift; path = ContentView.swift; sourceTree = "<group>"; };
		D0DB283E2C7243FB00F22920 /* Assets.xcassets */ = {isa = PBXFileReference; lastKnownFileType = folder.assetcatalog; path = Assets.xcassets; sourceTree = "<group>"; };
		D0DB28412C7243FB00F22920 /* Preview Assets.xcassets */ = {isa = PBXFileReference; lastKnownFileType = folder.assetcatalog; path = "Preview Assets.xcassets"; sourceTree = "<group>"; };
		D0DB28432C7243FB00F22920 /* xcodedemo.entitlements */ = {isa = PBXFileReference; lastKnownFileType = text.plist.entitlements; path = xcodedemo.entitlements; sourceTree = "<group>"; };
		D0DB28482C7243FB00F22920 /* xcodedemoTests.xctest */ = {isa = PBXFileReference; explicitFileType = wrapper.cfbundle; includeInIndex = 0; path = xcodedemoTests.xctest; sourceTree = BUILT_PRODUCTS_DIR; };
		D0DB284C2C7243FB00F22920 /* xcodedemoTests.swift */ = {isa = PBXFileReference; lastKnownFileType = sourcecode.swift; path = xcodedemoTests.swift; sourceTree = "<group>"; };
		D0DB28522C7243FB00F22920 /* xcodedemoUITests.xctest */ = {isa = PBXFileReference; explicitFileType = wrapper.cfbundle; includeInIndex = 0; path = xcodedemoUITests.xctest; sourceTree = BUILT_PRODUCTS_DIR; };
		D0DB28562C7243FB00F22920 /* xcodedemoUITests.swift */ = {isa = PBXFileReference; lastKnownFileType = sourcecode.swift; path = xcodedemoUITests.swift; sourceTree = "<group>"; };
		D0DB28582C7243FB00F22920 /* xcodedemoUITestsLaunchTests.swift */ = {isa = PBXFileReference; lastKnownFileType = sourcecode.swift; path = xcodedemoUITestsLaunchTests.swift; sourceTree = "<group>"; };
/* End PBXFileReference section */

/* Begin PBXFrameworksBuildPhase section */
		D0DB28342C7243FA00F22920 /* Frameworks */ = {
			isa = PBXFrameworksBuildPhase;
			buildActionMask = 2147483647;
			files = (
			);
			runOnlyForDeploymentPostprocessing = 0;
		};
		D0DB28452C7243FB00F22920 /* Frameworks */ = {
			isa = PBXFrameworksBuildPhase;
			buildActionMask = 2147483647;
			files = (
			);
			runOnlyForDeploymentPostprocessing = 0;
		};
		D0DB284F2C7243FB00F22920 /* Frameworks */ = {
			isa = PBXFrameworksBuildPhase;
			buildActionMask = 2147483647;
			files = (
			);
			runOnlyForDeploymentPostprocessing = 0;
		};
/* End PBXFrameworksBuildPhase section */

/* Begin PBXGroup section */
		D0DB282E2C7243FA00F22920 = {
			isa = PBXGroup;
			children = (
				D0DB28392C7243FA00F22920 /* xcodedemo */,
				D0DB284B2C7243FB00F22920 /* xcodedemoTests */,
				D0DB28552C7243FB00F22920 /* xcodedemoUITests */,
				D0DB28382C7243FA00F22920 /* Products */,
			);
			sourceTree = "<group>";
		};
		D0DB28382C7243FA00F22920 /* Products */ = {
			isa = PBXGroup;
			children = (
				D0DB28372C7243FA00F22920 /* xcodedemo.app */,
				D0DB28482C7243FB00F22920 /* xcodedemoTests.xctest */,
				D0DB28522C7243FB00F22920 /* xcodedemoUITests.xctest */,
			);
			name = Products;
			sourceTree = "<group>";
		};
		D0DB28392C7243FA00F22920 /* xcodedemo */ = {
			isa = PBXGroup;
			children = (
				D0DB283A2C7243FA00F22920 /* xcodedemoApp.swift */,
				D0DB283C2C7243FA00F22920 /* ContentView.swift */,
				D0DB283E2C7243FB00F22920 /* Assets.xcassets */,
				D0DB28432C7243FB00F22920 /* xcodedemo.entitlements */,
				D0DB28402C7243FB00F22920 /* Preview Content */,
			);
			path = xcodedemo;
			sourceTree = "<group>";
		};
		D0DB28402C7243FB00F22920 /* Preview Content */ = {
			isa = PBXGroup;
			children = (
				D0DB28412C7243FB00F22920 /* Preview Assets.xcassets */,
			);
			path = "Preview Content";
			sourceTree = "<group>";
		};
		D0DB284B2C7243FB00F22920 /* xcodedemoTests */ = {
			isa = PBXGroup;
			children = (
				D0DB284C2C7243FB00F22920 /* xcodedemoTests.swift */,
			);
			path = xcodedemoTests;
			sourceTree = "<group>";
		};
		D0DB28552C7243FB00F22920 /* xcodedemoUITests */ = {
			isa = PBXGroup;
			children = (
				D0DB28562C7243FB00F22920 /* xcodedemoUITests.swift */,
				D0DB28582C7243FB00F22920 /* xcodedemoUITestsLaunchTests.swift */,
			);
			path = xcodedemoUITests;
			sourceTree = "<group>";
		};
/* End PBXGroup section */

/* Begin PBXNativeTarget section */
		D0DB28362C7243FA00F22920 /* xcodedemo */ = {
			isa = PBXNativeTarget;
			buildConfigurationList = D0DB285C2C7243FB00F22920 /* Build configuration list for PBXNativeTarget "xcodedemo" */;
			buildPhases = (
				D0DB28332C7243FA00F22920 /* Sources */,
				D0DB28342C7243FA00F22920 /* Frameworks */,
				D0DB28352C7243FA00F22920 /* Resources */,
			);
			buildRules = (
			);
			dependencies = (
			);
			name = xcodedemo;
			productName = xcodedemo;
			productReference = D0DB28372C7243FA00F22920 /* xcodedemo.app */;
			productType = "com.apple.product-type.application";
		};
		D0DB28472C7243FB00F22920 /* xcodedemoTests */ = {
			isa = PBXNativeTarget;
			buildConfigurationList = D0DB285F2C7243FB00F22920 /* Build configuration list for PBXNativeTarget "xcodedemoTests" */;
			buildPhases = (
				D0DB28442C7243FB00F22920 /* Sources */,
				D0DB28452C7243FB00F22920 /* Frameworks */,
				D0DB28462C7243FB00F22920 /* Resources */,
			);
			buildRules = (
			);
			dependencies = (
				D0DB284A2C7243FB00F22920 /* PBXTargetDependency */,
			);
			name = xcodedemoTests;
			productName = xcodedemoTests;
			productReference = D0DB28482C7243FB00F22920 /* xcodedemoTests.xctest */;
			productType = "com.apple.product-type.bundle.unit-test";
		};
		D0DB28512C7243FB00F22920 /* xcodedemoUITests */ = {
			isa = PBXNativeTarget;
			buildConfigurationList = D0DB28622C7243FB00F22920 /* Build configuration list for PBXNativeTarget "xcodedemoUITests" */;
			buildPhases = (
				D0DB284E2C7243FB00F22920 /* Sources */,
				D0DB284F2C7243FB00F22920 /* Frameworks */,
				D0DB28502C7243FB00F22920 /* Resources */,
			);
			buildRules = (
			);
			dependencies = (
				D0DB28542C7243FB00F22920 /* PBXTargetDependency */,
			);
			name = xcodedemoUITests;
			productName = xcodedemoUITests;
			productReference = D0DB28522C7243FB00F22920 /* xcodedemoUITests.xctest */;
			productType = "com.apple.product-type.bundle.ui-testing";
		};
/* End PBXNativeTarget section */

/* Begin PBXProject section */
		D0DB282F2C7243FA00F22920 /* Project object */ = {
			isa = PBXProject;
			attributes = {
				BuildIndependentTargetsInParallel = 1;
				LastSwiftUpdateCheck = 1540;
				LastUpgradeCheck = 1540;
				TargetAttributes = {
					D0DB28362C7243FA00F22920 = {
						CreatedOnToolsVersion = 15.4;
					};
					D0DB28472C7243FB00F22920 = {
						CreatedOnToolsVersion = 15.4;
						TestTargetID = D0DB28362C7243FA00F22920;
					};
					D0DB28512C7243FB00F22920 = {
						CreatedOnToolsVersion = 15.4;
						TestTargetID = D0DB28362C7243FA00F22920;
					};
				};
			};
			buildConfigurationList = D0DB28322C7243FA00F22920 /* Build configuration list for PBXProject "xcodedemo" */;
			compatibilityVersion = "Xcode 14.0";
			developmentRegion = en;
			hasScannedForEncodings = 0;
			knownRegions = (
				en,
				Base,
			);
			mainGroup = D0DB282E2C7243FA00F22920;
			productRefGroup = D0DB28382C7243FA00F22920 /* Products */;
			projectDirPath = "";
			projectRoot = "";
			targets = (
				D0DB28362C7243FA00F22920 /* xcodedemo */,
				D0DB28472C7243FB00F22920 /* xcodedemoTests */,
				D0DB28512C7243FB00F22920 /* xcodedemoUITests */,
			);
		};
/* End PBXProject section */

/* Begin PBXResourcesBuildPhase section */
		D0DB28352C7243FA00F22920 /* Resources */ = {
			isa = PBXResourcesBuildPhase;
			buildActionMask = 2147483647;
			files = (
				D0DB28422C7243FB00F22920 /* Preview Assets.xcassets in Resources */,
				D0DB283F2C7243FB00F22920 /* Assets.xcassets in Resources */,
			);
			runOnlyForDeploymentPostprocessing = 0;
		};
		D0DB28462C7243FB00F22920 /* Resources */ = {
			isa = PBXResourcesBuildPhase;
			buildActionMask = 2147483647;
			files = (
			);
			runOnlyForDeploymentPostprocessing = 0;
		};
		D0DB28502C7243FB00F22920 /* Resources */ = {
			isa = PBXResourcesBuildPhase;
			buildActionMask = 2147483647;
			files = (
			);
			runOnlyForDeploymentPostprocessing = 0;
		};
/* End PBXResourcesBuildPhase section */

/* Begin PBXSourcesBuildPhase section */
		D0DB28332C7243FA00F22920 /* Sources */ = {
			isa = PBXSourcesBuildPhase;
			buildActionMask = 2147483647;
			files = (
				D0DB283D2C7243FA00F22920 /* ContentView.swift in Sources */,
				D0DB283B2C7243FA00F22920 /* xcodedemoApp.swift in Sources */,
			);
			runOnlyForDeploymentPostprocessing = 0;
		};
		D0DB28442C7243FB00F22920 /* Sources */ = {
			isa = PBXSourcesBuildPhase;
			buildActionMask = 2147483647;
			files = (
				D0DB284D2C7243FB00F22920 /* xcodedemoTests.swift in Sources */,
			);
			runOnlyForDeploymentPostprocessing = 0;
		};
		D0DB284E2C7243FB00F22920 /* Sources */ = {
			isa = PBXSourcesBuildPhase;
			buildActionMask = 2147483647;
			files = (
				D0DB28572C7243FB00F22920 /* xcodedemoUITests.swift in Sources */,
				D0DB28592C7243FB00F22920 /* xcodedemoUITestsLaunchTests.swift in Sources */,
			);
			runOnlyForDeploymentPostprocessing = 0;
		};
/* End PBXSourcesBuildPhase section */

/* Begin PBXTargetDependency section */
		D0DB284A2C7243FB00F22920 /* PBXTargetDependency */ = {
			isa = PBXTargetDependency;
			target = D0DB28362C7243FA00F22920 /* xcodedemo */;
			targetProxy = D0DB28492C7243FB00F22920 /* PBXContainerItemProxy */;
		};
		D0DB28542C7243FB00F22920 /* PBXTargetDependency */ = {
			isa = PBXTargetDependency;
			target = D0DB28362C7243FA00F22920 /* xcodedemo */;
			targetProxy = D0DB28532C7243FB00F22920 /* PBXContainerItemProxy */;
		};
/* End PBXTargetDependency section */

/* Begin XCBuildConfiguration section */
		D0DB285A2C7243FB00F22920 /* Debug */ = {
			isa = XCBuildConfiguration;
			buildSettings = {
				ALWAYS_SEARCH_USER_PATHS = NO;
				ASSETCATALOG_COMPILER_GENERATE_SWIFT_ASSET_SYMBOL_EXTENSIONS = YES;
				CLANG_ANALYZER_NONNULL = YES;
				CLANG_ANALYZER_NUMBER_OBJECT_CONVERSION = YES_AGGRESSIVE;
				CLANG_CXX_LANGUAGE_STANDARD = "gnu++20";
				CLANG_ENABLE_MODULES = YES;
				CLANG_ENABLE_OBJC_ARC = YES;
				CLANG_ENABLE_OBJC_WEAK = YES;
				CLANG_WARN_BLOCK_CAPTURE_AUTORELEASING = YES;
				CLANG_WARN_BOOL_CONVERSION = YES;
				CLANG_WARN_COMMA = YES;
				CLANG_WARN_CONSTANT_CONVERSION = YES;
				CLANG_WARN_DEPRECATED_OBJC_IMPLEMENTATIONS = YES;
				CLANG_WARN_DIRECT_OBJC_ISA_USAGE = YES_ERROR;
				CLANG_WARN_DOCUMENTATION_COMMENTS = YES;
				CLANG_WARN_EMPTY_BODY = YES;
				CLANG_WARN_ENUM_CONVERSION = YES;
				CLANG_WARN_INFINITE_RECURSION = YES;
				CLANG_WARN_INT_CONVERSION = YES;
				CLANG_WARN_NON_LITERAL_NULL_CONVERSION = YES;
				CLANG_WARN_OBJC_IMPLICIT_RETAIN_SELF = YES;
				CLANG_WARN_OBJC_LITERAL_CONVERSION = YES;
				CLANG_WARN_OBJC_ROOT_CLASS = YES_ERROR;
				CLANG_WARN_QUOTED_INCLUDE_IN_FRAMEWORK_HEADER = YES;
				CLANG_WARN_RANGE_LOOP_ANALYSIS = YES;
				CLANG_WARN_STRICT_PROTOTYPES = YES;
				CLANG_WARN_SUSPICIOUS_MOVE = YES;
				CLANG_WARN_UNGUARDED_AVAILABILITY = YES_AGGRESSIVE;
				CLANG_WARN_UNREACHABLE_CODE = YES;
				CLANG_WARN__DUPLICATE_METHOD_MATCH = YES;
				COPY_PHASE_STRIP = NO;
				DEBUG_INFORMATION_FORMAT = dwarf;
				ENABLE_STRICT_OBJC_MSGSEND = YES;
				ENABLE_TESTABILITY = YES;
				ENABLE_USER_SCRIPT_SANDBOXING = YES;
				GCC_C_LANGUAGE_STANDARD = gnu17;
				GCC_DYNAMIC_NO_PIC = NO;
				GCC_NO_COMMON_BLOCKS = YES;
				GCC_OPTIMIZATION_LEVEL = 0;
				GCC_PREPROCESSOR_DEFINITIONS = (
					"DEBUG=1",
					"$(inherited)",
				);
				GCC_WARN_64_TO_32_BIT_CONVERSION = YES;
				GCC_WARN_ABOUT_RETURN_TYPE = YES_ERROR;
				GCC_WARN_UNDECLARED_SELECTOR = YES;
				GCC_WARN_UNINITIALIZED_AUTOS = YES_AGGRESSIVE;
				GCC_WARN_UNUSED_FUNCTION = YES;
				GCC_WARN_UNUSED_VARIABLE = YES;
				LOCALIZATION_PREFERS_STRING_CATALOGS = YES;
				MACOSX_DEPLOYMENT_TARGET = 14.5;
				MTL_ENABLE_DEBUG_INFO = INCLUDE_SOURCE;
				MTL_FAST_MATH = YES;
				ONLY_ACTIVE_ARCH = YES;
				SDKROOT = macosx;
				SWIFT_ACTIVE_COMPILATION_CONDITIONS = "DEBUG $(inherited)";
				SWIFT_OPTIMIZATION_LEVEL = "-Onone";
			};
			name = Debug;
		};
		D0DB285B2C7243FB00F22920 /* Release */ = {
			isa = XCBuildConfiguration;
			buildSettings = {
				ALWAYS_SEARCH_USER_PATHS = NO;
				ASSETCATALOG_COMPILER_GENERATE_SWIFT_ASSET_SYMBOL_EXTENSIONS = YES;
				CLANG_ANALYZER_NONNULL = YES;
				CLANG_ANALYZER_NUMBER_OBJECT_CONVERSION = YES_AGGRESSIVE;
				CLANG_CXX_LANGUAGE_STANDARD = "gnu++20";
				CLANG_ENABLE_MODULES = YES;
				CLANG_ENABLE_OBJC_ARC = YES;
				CLANG_ENABLE_OBJC_WEAK = YES;
				CLANG_WARN_BLOCK_CAPTURE_AUTORELEASING = YES;
				CLANG_WARN_BOOL_CONVERSION = YES;
				CLANG_WARN_COMMA = YES;
				CLANG_WARN_CONSTANT_CONVERSION = YES;
				CLANG_WARN_DEPRECATED_OBJC_IMPLEMENTATIONS = YES;
				CLANG_WARN_DIRECT_OBJC_ISA_USAGE = YES_ERROR;
				CLANG_WARN_DOCUMENTATION_COMMENTS = YES;
				CLANG_WARN_EMPTY_BODY = YES;
				CLANG_WARN_ENUM_CONVERSION = YES;
				CLANG_WARN_INFINITE_RECURSION = YES;
				CLANG_WARN_INT_CONVERSION = YES;
				CLANG_WARN_NON_LITERAL_NULL_CONVERSION = YES;
				CLANG_WARN_OBJC_IMPLICIT_RETAIN_SELF = YES;
				CLANG_WARN_OBJC_LITERAL_CONVERSION = YES;
				CLANG_WARN_OBJC_ROOT_CLASS = YES_ERROR;
				CLANG_WARN_QUOTED_INCLUDE_IN_FRAMEWORK_HEADER = YES;
				CLANG_WARN_RANGE_LOOP_ANALYSIS = YES;
				CLANG_WARN_STRICT_PROTOTYPES = YES;
				CLANG_WARN_SUSPICIOUS_MOVE = YES;
				CLANG_WARN_UNGUARDED_AVAILABILITY = YES_AGGRESSIVE;
				CLANG_WARN_UNREACHABLE_CODE = YES;
				CLANG_WARN__DUPLICATE_METHOD_MATCH = YES;
				COPY_PHASE_STRIP = NO;
				DEBUG_INFORMATION_FORMAT = "dwarf-with-dsym";
				ENABLE_NS_ASSERTIONS = NO;
				ENABLE_STRICT_OBJC_MSGSEND = YES;
				ENABLE_USER_SCRIPT_SANDBOXING = YES;
				GCC_C_LANGUAGE_STANDARD = gnu17;
				GCC_NO_COMMON_BLOCKS = YES;
				GCC_WARN_64_TO_32_BIT_CONVERSION = YES;
				GCC_WARN_ABOUT_RETURN_TYPE = YES_ERROR;
				GCC_WARN_UNDECLARED_SELECTOR = YES;
				GCC_WARN_UNINITIALIZED_AUTOS = YES_AGGRESSIVE;
				GCC_WARN_UNUSED_FUNCTION = YES;
				GCC_WARN_UNUSED_VARIABLE = YES;
				LOCALIZATION_PREFERS_STRING_CATALOGS = YES;
				MACOSX_DEPLOYMENT_TARGET = 14.5;
				MTL_ENABLE_DEBUG_INFO = NO;
				MTL_FAST_MATH = YES;
				SDKROOT = macosx;
				SWIFT_COMPILATION_MODE = wholemodule;
			};
			name = Release;
		};
		D0DB285D2C7243FB00F22920 /* Debug */ = {
			isa = XCBuildConfiguration;
			buildSettings = {
				ASSETCATALOG_COMPILER_APPICON_NAME = AppIcon;
				ASSETCATALOG_COMPILER_GLOBAL_ACCENT_COLOR_NAME = AccentColor;
				CODE_SIGN_ENTITLEMENTS = xcodedemo/xcodedemo.entitlements;
				CODE_SIGN_STYLE = Automatic;
				COMBINE_HIDPI_IMAGES = YES;
				CURRENT_PROJECT_VERSION = 1;
				DEVELOPMENT_ASSET_PATHS = "\"xcodedemo/Preview Content\"";
				ENABLE_PREVIEWS = YES;
				GENERATE_INFOPLIST_FILE = YES;
				INFOPLIST_KEY_NSHumanReadableCopyright = "";
				LD_RUNPATH_SEARCH_PATHS = (
					"$(inherited)",
					"@executable_path/../Frameworks",
				);
				MARKETING_VERSION = 1.0;
				PRODUCT_BUNDLE_IDENTIFIER = io.CodeLab.xcodedemo;
				PRODUCT_NAME = "$(TARGET_NAME)";
				SWIFT_EMIT_LOC_STRINGS = YES;
				SWIFT_VERSION = 5.0;
			};
			name = Debug;
		};
		D0DB285E2C7243FB00F22920 /* Release */ = {
			isa = XCBuildConfiguration;
			buildSettings = {
				ASSETCATALOG_COMPILER_APPICON_NAME = AppIcon;
				ASSETCATALOG_COMPILER_GLOBAL_ACCENT_COLOR_NAME = AccentColor;
				CODE_SIGN_ENTITLEMENTS = xcodedemo/xcodedemo.entitlements;
				CODE_SIGN_STYLE = Automatic;
				COMBINE_HIDPI_IMAGES = YES;
				CURRENT_PROJECT_VERSION = 1;
				DEVELOPMENT_ASSET_PATHS = "\"xcodedemo/Preview Content\"";
				ENABLE_PREVIEWS = YES;
				GENERATE_INFOPLIST_FILE = YES;
				INFOPLIST_KEY_NSHumanReadableCopyright = "";
				LD_RUNPATH_SEARCH_PATHS = (
					"$(inherited)",
					"@executable_path/../Frameworks",
				);
				MARKETING_VERSION = 1.0;
				PRODUCT_BUNDLE_IDENTIFIER = io.CodeLab.xcodedemo;
				PRODUCT_NAME = "$(TARGET_NAME)";
				SWIFT_EMIT_LOC_STRINGS = YES;
				SWIFT_VERSION = 5.0;
			};
			name = Release;
		};
		D0DB28602C7243FB00F22920 /* Debug */ = {
			isa = XCBuildConfiguration;
			buildSettings = {
				ALWAYS_EMBED_SWIFT_STANDARD_LIBRARIES = YES;
				BUNDLE_LOADER = "$(TEST_HOST)";
				CODE_SIGN_STYLE = Automatic;
				CURRENT_PROJECT_VERSION = 1;
				GENERATE_INFOPLIST_FILE = YES;
				MACOSX_DEPLOYMENT_TARGET = 14.5;
				MARKETING_VERSION = 1.0;
				PRODUCT_BUNDLE_IDENTIFIER = io.CodeLab.xcodedemoTests;
				PRODUCT_NAME = "$(TARGET_NAME)";
				SWIFT_EMIT_LOC_STRINGS = NO;
				SWIFT_VERSION = 5.0;
				TEST_HOST = "$(BUILT_PRODUCTS_DIR)/xcodedemo.app/$(BUNDLE_EXECUTABLE_FOLDER_PATH)/xcodedemo";
			};
			name = Debug;
		};
		D0DB28612C7243FB00F22920 /* Release */ = {
			isa = XCBuildConfiguration;
			buildSettings = {
				ALWAYS_EMBED_SWIFT_STANDARD_LIBRARIES = YES;
				BUNDLE_LOADER = "$(TEST_HOST)";
				CODE_SIGN_STYLE = Automatic;
				CURRENT_PROJECT_VERSION = 1;
				GENERATE_INFOPLIST_FILE = YES;
				MACOSX_DEPLOYMENT_TARGET = 14.5;
				MARKETING_VERSION = 1.0;
				PRODUCT_BUNDLE_IDENTIFIER = io.CodeLab.xcodedemoTests;
				PRODUCT_NAME = "$(TARGET_NAME)";
				SWIFT_EMIT_LOC_STRINGS = NO;
				SWIFT_VERSION = 5.0;
				TEST_HOST = "$(BUILT_PRODUCTS_DIR)/xcodedemo.app/$(BUNDLE_EXECUTABLE_FOLDER_PATH)/xcodedemo";
			};
			name = Release;
		};
		D0DB28632C7243FB00F22920 /* Debug */ = {
			isa = XCBuildConfiguration;
			buildSettings = {
				ALWAYS_EMBED_SWIFT_STANDARD_LIBRARIES = YES;
				CODE_SIGN_STYLE = Automatic;
				CURRENT_PROJECT_VERSION = 1;
				GENERATE_INFOPLIST_FILE = YES;
				MARKETING_VERSION = 1.0;
				PRODUCT_BUNDLE_IDENTIFIER = io.CodeLab.xcodedemoUITests;
				PRODUCT_NAME = "$(TARGET_NAME)";
				SWIFT_EMIT_LOC_STRINGS = NO;
				SWIFT_VERSION = 5.0;
				TEST_TARGET_NAME = xcodedemo;
			};
			name = Debug;
		};
		D0DB28642C7243FB00F22920 /* Release */ = {
			isa = XCBuildConfiguration;
			buildSettings = {
				ALWAYS_EMBED_SWIFT_STANDARD_LIBRARIES = YES;
				CODE_SIGN_STYLE = Automatic;
				CURRENT_PROJECT_VERSION = 1;
				GENERATE_INFOPLIST_FILE = YES;
				MARKETING_VERSION = 1.0;
				PRODUCT_BUNDLE_IDENTIFIER = io.CodeLab.xcodedemoUITests;
				PRODUCT_NAME = "$(TARGET_NAME)";
				SWIFT_EMIT_LOC_STRINGS = NO;
				SWIFT_VERSION = 5.0;
				TEST_TARGET_NAME = xcodedemo;
			};
			name = Release;
		};
/* End XCBuildConfiguration section */

/* Begin XCConfigurationList section */
		D0DB28322C7243FA00F22920 /* Build configuration list for PBXProject "xcodedemo" */ = {
			isa = XCConfigurationList;
			buildConfigurations = (
				D0DB285A2C7243FB00F22920 /* Debug */,
				D0DB285B2C7243FB00F22920 /* Release */,
			);
			defaultConfigurationIsVisible = 0;
			defaultConfigurationName = Release;
		};
		D0DB285C2C7243FB00F22920 /* Build configuration list for PBXNativeTarget "xcodedemo" */ = {
			isa = XCConfigurationList;
			buildConfigurations = (
				D0DB285D2C7243FB00F22920 /* Debug */,
				D0DB285E2C7243FB00F22920 /* Release */,
			);
			defaultConfigurationIsVisible = 0;
			defaultConfigurationName = Release;
		};
		D0DB285F2C7243FB00F22920 /* Build configuration list for PBXNativeTarget "xcodedemoTests" */ = {
			isa = XCConfigurationList;
			buildConfigurations = (
				D0DB28602C7243FB00F22920 /* Debug */,
				D0DB28612C7243FB00F22920 /* Release */,
			);
			defaultConfigurationIsVisible = 0;
			defaultConfigurationName = Release;
		};
		D0DB28622C7243FB00F22920 /* Build configuration list for PBXNativeTarget "xcodedemoUITests" */ = {
			isa = XCConfigurationList;
			buildConfigurations = (
				D0DB28632C7243FB00F22920 /* Debug */,
				D0DB28642C7243FB00F22920 /* Release */,
			);
			defaultConfigurationIsVisible = 0;
			defaultConfigurationName = Release;
		};
/* End XCConfigurationList section */
	};
	rootObject = D0DB282F2C7243FA00F22920 /* Project object */;
}
